# This is a Gradle generated file for dependency locking.
# Manual edits can break the build and are not advised.
# This file is expected to be part of source control.
ch.qos.logback:logback-classic:1.4.8=aotCompileClasspath,compileClasspath,processAotClasspath,productionRuntimeClasspath,runtimeClasspath
ch.qos.logback:logback-core:1.4.8=aotCompileClasspath,compileClasspath,processAotClasspath,productionRuntimeClasspath,runtimeClasspath
com.fasterxml.jackson.core:jackson-annotations:2.15.2=aotCompileClasspath,compileClasspath,processAotClasspath,productionRuntimeClasspath,runtimeClasspath
com.fasterxml.jackson.core:jackson-core:2.15.2=aotCompileClasspath,compileClasspath,processAotClasspath,productionRuntimeClasspath,runtimeClasspath
com.fasterxml.jackson.core:jackson-databind:2.15.2=aotCompileClasspath,compileClasspath,processAotClasspath,productionRuntimeClasspath,runtimeClasspath
com.fasterxml.jackson.datatype:jackson-datatype-jdk8:2.15.2=aotCompileClasspath,compileClasspath,processAotClasspath,productionRuntimeClasspath,runtimeClasspath
com.fasterxml.jackson.datatype:jackson-datatype-jsr310:2.15.2=aotCompileClasspath,compileClasspath,processAotClasspath,productionRuntimeClasspath,runtimeClasspath
com.fasterxml.jackson.module:jackson-module-parameter-names:2.15.2=aotCompileClasspath,compileClasspath,processAotClasspath,productionRuntimeClasspath,runtimeClasspath
com.fasterxml.jackson:jackson-bom:2.15.2=aotCompileClasspath,compileClasspath,processAotClasspath,productionRuntimeClasspath,runtimeClasspath
com.fasterxml:classmate:1.5.1=aotCompileClasspath,compileClasspath,processAotClasspath,productionRuntimeClasspath,runtimeClasspath
com.google.code.findbugs:jsr305:3.0.2=aotCompileClasspath,compileClasspath,processAotClasspath,productionRuntimeClasspath,runtimeClasspath
com.google.errorprone:error_prone_annotations:2.2.0=aotCompileClasspath,compileClasspath,processAotClasspath,productionRuntimeClasspath,runtimeClasspath
com.google.guava:failureaccess:1.0.1=aotCompileClasspath,compileClasspath,processAotClasspath,productionRuntimeClasspath,runtimeClasspath
com.google.guava:guava:27.1-jre=aotCompileClasspath,compileClasspath,processAotClasspath,productionRuntimeClasspath,runtimeClasspath
com.google.guava:listenablefuture:9999.0-empty-to-avoid-conflict-with-guava=aotCompileClasspath,compileClasspath,processAotClasspath,productionRuntimeClasspath,runtimeClasspath
com.google.j2objc:j2objc-annotations:1.1=aotCompileClasspath,compileClasspath,processAotClasspath,productionRuntimeClasspath,runtimeClasspath
com.mysql:mysql-connector-j:8.0.33=aotCompileClasspath,compileClasspath,processAotClasspath,productionRuntimeClasspath,runtimeClasspath
com.zaxxer:HikariCP:5.0.1=aotCompileClasspath,compileClasspath,processAotClasspath,productionRuntimeClasspath,runtimeClasspath
io.lettuce:lettuce-core:6.2.5.RELEASE=aotCompileClasspath,compileClasspath,processAotClasspath,productionRuntimeClasspath,runtimeClasspath
io.micrometer:micrometer-commons:1.11.2=aotCompileClasspath,compileClasspath,processAotClasspath,productionRuntimeClasspath,runtimeClasspath
io.micrometer:micrometer-core:1.11.2=aotCompileClasspath,compileClasspath,processAotClasspath,productionRuntimeClasspath,runtimeClasspath
io.micrometer:micrometer-observation:1.11.2=aotCompileClasspath,compileClasspath,processAotClasspath,productionRuntimeClasspath,runtimeClasspath
io.netty:netty-buffer:4.1.94.Final=aotCompileClasspath,compileClasspath,processAotClasspath,productionRuntimeClasspath,runtimeClasspath
io.netty:netty-codec:4.1.94.Final=aotCompileClasspath,compileClasspath,processAotClasspath,productionRuntimeClasspath,runtimeClasspath
io.netty:netty-common:4.1.94.Final=aotCompileClasspath,compileClasspath,processAotClasspath,productionRuntimeClasspath,runtimeClasspath
io.netty:netty-handler:4.1.94.Final=aotCompileClasspath,compileClasspath,processAotClasspath,productionRuntimeClasspath,runtimeClasspath
io.netty:netty-resolver:4.1.94.Final=aotCompileClasspath,compileClasspath,processAotClasspath,productionRuntimeClasspath,runtimeClasspath
io.netty:netty-transport-native-unix-common:4.1.94.Final=aotCompileClasspath,compileClasspath,processAotClasspath,productionRuntimeClasspath,runtimeClasspath
io.netty:netty-transport:4.1.94.Final=aotCompileClasspath,compileClasspath,processAotClasspath,productionRuntimeClasspath,runtimeClasspath
io.projectreactor:reactor-core:3.5.8=aotCompileClasspath,compileClasspath,processAotClasspath,productionRuntimeClasspath,runtimeClasspath
jakarta.annotation:jakarta.annotation-api:2.1.1=aotCompileClasspath,compileClasspath,processAotClasspath,productionRuntimeClasspath,runtimeClasspath
jakarta.persistence:jakarta.persistence-api:3.1.0=annotationProcessor,aotCompileClasspath,compileClasspath,processAotClasspath,productionRuntimeClasspath,runtimeClasspath
jakarta.validation:jakarta.validation-api:3.0.2=aotCompileClasspath,compileClasspath,processAotClasspath,productionRuntimeClasspath,runtimeClasspath
mysql:mysql-connector-java:8.0.33=aotCompileClasspath,compileClasspath,processAotClasspath,productionRuntimeClasspath,runtimeClasspath
org.apache.logging.log4j:log4j-api:2.20.0=aotCompileClasspath,compileClasspath,processAotClasspath,productionRuntimeClasspath,runtimeClasspath
org.apache.logging.log4j:log4j-to-slf4j:2.20.0=aotCompileClasspath,compileClasspath,processAotClasspath,productionRuntimeClasspath,runtimeClasspath
org.apache.tomcat.embed:tomcat-embed-core:10.1.11=aotCompileClasspath,compileClasspath,processAotClasspath,productionRuntimeClasspath,runtimeClasspath
org.apache.tomcat.embed:tomcat-embed-el:10.1.11=aotCompileClasspath,compileClasspath,processAotClasspath,productionRuntimeClasspath,runtimeClasspath
org.apache.tomcat.embed:tomcat-embed-websocket:10.1.11=aotCompileClasspath,compileClasspath,processAotClasspath,productionRuntimeClasspath,runtimeClasspath
org.aspectj:aspectjweaver:1.9.19=aotCompileClasspath,compileClasspath,processAotClasspath,productionRuntimeClasspath,runtimeClasspath
org.checkerframework:checker-qual:2.5.2=aotCompileClasspath,compileClasspath,processAotClasspath,productionRuntimeClasspath,runtimeClasspath
org.codehaus.mojo:animal-sniffer-annotations:1.17=aotCompileClasspath,compileClasspath,processAotClasspath,productionRuntimeClasspath,runtimeClasspath
org.hdrhistogram:HdrHistogram:2.1.12=aotCompileClasspath,processAotClasspath,productionRuntimeClasspath,runtimeClasspath
org.hibernate.validator:hibernate-validator:8.0.1.Final=aotCompileClasspath,compileClasspath,processAotClasspath,productionRuntimeClasspath,runtimeClasspath
org.jboss.logging:jboss-logging:3.5.3.Final=aotCompileClasspath,compileClasspath,processAotClasspath,productionRuntimeClasspath,runtimeClasspath
org.latencyutils:LatencyUtils:2.0.3=aotCompileClasspath,processAotClasspath,productionRuntimeClasspath,runtimeClasspath
org.mongodb:bson-record-codec:4.9.1=aotCompileClasspath,processAotClasspath,productionRuntimeClasspath,runtimeClasspath
org.mongodb:bson:4.9.1=aotCompileClasspath,compileClasspath,processAotClasspath,productionRuntimeClasspath,runtimeClasspath
org.mongodb:mongodb-driver-core:4.9.1=aotCompileClasspath,compileClasspath,processAotClasspath,productionRuntimeClasspath,runtimeClasspath
org.mongodb:mongodb-driver-sync:4.9.1=aotCompileClasspath,compileClasspath,processAotClasspath,productionRuntimeClasspath,runtimeClasspath
org.mybatis.spring.boot:mybatis-spring-boot-autoconfigure:3.0.2=aotCompileClasspath,compileClasspath,processAotClasspath,productionRuntimeClasspath,runtimeClasspath
org.mybatis.spring.boot:mybatis-spring-boot-starter:3.0.2=aotCompileClasspath,compileClasspath,processAotClasspath,productionRuntimeClasspath,runtimeClasspath
org.mybatis:mybatis-spring:3.0.2=aotCompileClasspath,compileClasspath,processAotClasspath,productionRuntimeClasspath,runtimeClasspath
org.mybatis:mybatis:3.5.13=aotCompileClasspath,compileClasspath,processAotClasspath,productionRuntimeClasspath,runtimeClasspath
org.projectlombok:lombok:1.18.28=annotationProcessor,aotCompileClasspath,compileClasspath,processAotClasspath,productionRuntimeClasspath,runtimeClasspath
org.reactivestreams:reactive-streams:1.0.4=aotCompileClasspath,compileClasspath,processAotClasspath,productionRuntimeClasspath,runtimeClasspath
org.slf4j:jul-to-slf4j:2.0.7=aotCompileClasspath,compileClasspath,processAotClasspath,productionRuntimeClasspath,runtimeClasspath
org.slf4j:slf4j-api:2.0.7=aotCompileClasspath,compileClasspath,processAotClasspath,productionRuntimeClasspath,runtimeClasspath
org.springframework.boot:spring-boot-actuator-autoconfigure:3.1.2=aotCompileClasspath,compileClasspath,processAotClasspath,productionRuntimeClasspath,runtimeClasspath
org.springframework.boot:spring-boot-actuator:3.1.2=aotCompileClasspath,compileClasspath,processAotClasspath,productionRuntimeClasspath,runtimeClasspath
org.springframework.boot:spring-boot-autoconfigure:3.1.2=aotCompileClasspath,compileClasspath,processAotClasspath,productionRuntimeClasspath,runtimeClasspath
org.springframework.boot:spring-boot-dependencies:3.1.2=aotCompileClasspath,compileClasspath,processAotClasspath,productionRuntimeClasspath,runtimeClasspath
org.springframework.boot:spring-boot-starter-actuator:3.1.2=aotCompileClasspath,compileClasspath,processAotClasspath,productionRuntimeClasspath,runtimeClasspath
org.springframework.boot:spring-boot-starter-aop:3.1.2=aotCompileClasspath,compileClasspath,processAotClasspath,productionRuntimeClasspath,runtimeClasspath
org.springframework.boot:spring-boot-starter-data-mongodb:3.1.2=aotCompileClasspath,compileClasspath,processAotClasspath,productionRuntimeClasspath,runtimeClasspath
org.springframework.boot:spring-boot-starter-data-redis:3.1.2=aotCompileClasspath,compileClasspath,processAotClasspath,productionRuntimeClasspath,runtimeClasspath
org.springframework.boot:spring-boot-starter-jdbc:3.1.2=aotCompileClasspath,compileClasspath,processAotClasspath,productionRuntimeClasspath,runtimeClasspath
org.springframework.boot:spring-boot-starter-json:3.1.2=aotCompileClasspath,compileClasspath,processAotClasspath,productionRuntimeClasspath,runtimeClasspath
org.springframework.boot:spring-boot-starter-logging:3.1.2=aotCompileClasspath,compileClasspath,processAotClasspath,productionRuntimeClasspath,runtimeClasspath
org.springframework.boot:spring-boot-starter-tomcat:3.1.2=aotCompileClasspath,compileClasspath,processAotClasspath,productionRuntimeClasspath,runtimeClasspath
org.springframework.boot:spring-boot-starter-validation:3.1.2=aotCompileClasspath,compileClasspath,processAotClasspath,productionRuntimeClasspath,runtimeClasspath
org.springframework.boot:spring-boot-starter-web:3.1.2=aotCompileClasspath,compileClasspath,processAotClasspath,productionRuntimeClasspath,runtimeClasspath
org.springframework.boot:spring-boot-starter:3.1.2=aotCompileClasspath,compileClasspath,processAotClasspath,productionRuntimeClasspath,runtimeClasspath
org.springframework.boot:spring-boot:3.1.2=aotCompileClasspath,compileClasspath,processAotClasspath,productionRuntimeClasspath,runtimeClasspath
org.springframework.data:spring-data-commons:3.1.2=aotCompileClasspath,compileClasspath,processAotClasspath,productionRuntimeClasspath,runtimeClasspath
org.springframework.data:spring-data-keyvalue:3.1.2=aotCompileClasspath,compileClasspath,processAotClasspath,productionRuntimeClasspath,runtimeClasspath
org.springframework.data:spring-data-mongodb:4.1.2=aotCompileClasspath,compileClasspath,processAotClasspath,productionRuntimeClasspath,runtimeClasspath
org.springframework.data:spring-data-redis:3.1.2=aotCompileClasspath,compileClasspath,processAotClasspath,productionRuntimeClasspath,runtimeClasspath
org.springframework:spring-aop:6.0.11=aotCompileClasspath,compileClasspath,processAotClasspath,productionRuntimeClasspath,runtimeClasspath
org.springframework:spring-beans:6.0.11=aotCompileClasspath,compileClasspath,processAotClasspath,productionRuntimeClasspath,runtimeClasspath
org.springframework:spring-context-support:6.0.11=aotCompileClasspath,compileClasspath,processAotClasspath,productionRuntimeClasspath,runtimeClasspath
org.springframework:spring-context:6.0.11=aotCompileClasspath,compileClasspath,processAotClasspath,productionRuntimeClasspath,runtimeClasspath
org.springframework:spring-core:6.0.11=aotCompileClasspath,compileClasspath,processAotClasspath,productionRuntimeClasspath,runtimeClasspath
org.springframework:spring-expression:6.0.11=aotCompileClasspath,compileClasspath,processAotClasspath,productionRuntimeClasspath,runtimeClasspath
org.springframework:spring-jcl:6.0.11=aotCompileClasspath,compileClasspath,processAotClasspath,productionRuntimeClasspath,runtimeClasspath
org.springframework:spring-jdbc:6.0.11=aotCompileClasspath,compileClasspath,processAotClasspath,productionRuntimeClasspath,runtimeClasspath
org.springframework:spring-oxm:6.0.11=aotCompileClasspath,compileClasspath,processAotClasspath,productionRuntimeClasspath,runtimeClasspath
org.springframework:spring-tx:6.0.11=aotCompileClasspath,compileClasspath,processAotClasspath,productionRuntimeClasspath,runtimeClasspath
org.springframework:spring-web:6.0.11=aotCompileClasspath,compileClasspath,processAotClasspath,productionRuntimeClasspath,runtimeClasspath
org.springframework:spring-webmvc:6.0.11=aotCompileClasspath,compileClasspath,processAotClasspath,productionRuntimeClasspath,runtimeClasspath
org.yaml:snakeyaml:1.33=aotCompileClasspath,compileClasspath,processAotClasspath,productionRuntimeClasspath,runtimeClasspath
empty=aotAnnotationProcessor,developmentOnly
